// !$*UTF8*$!
{
	archiveVersion = 1;
	classes = {
	};
	objectVersion = 46;
	objects = {

/* Begin PBXBuildFile section */
		D5E441351B3FED0C00439C2F /* main.m in Sources */ = {isa = PBXBuildFile; fileRef = D5E441341B3FED0C00439C2F /* main.m */; };
		D5E441381B3FED0C00439C2F /* AppDelegate.m in Sources */ = {isa = PBXBuildFile; fileRef = D5E441371B3FED0C00439C2F /* AppDelegate.m */; };
		D5E4413B1B3FED0C00439C2F /* ViewController.m in Sources */ = {isa = PBXBuildFile; fileRef = D5E4413A1B3FED0C00439C2F /* ViewController.m */; };
		D5E4413E1B3FED0C00439C2F /* Main.storyboard in Resources */ = {isa = PBXBuildFile; fileRef = D5E4413C1B3FED0C00439C2F /* Main.storyboard */; };
		D5E441401B3FED0C00439C2F /* Images.xcassets in Resources */ = {isa = PBXBuildFile; fileRef = D5E4413F1B3FED0C00439C2F /* Images.xcassets */; };
		D5E441431B3FED0C00439C2F /* LaunchScreen.xib in Resources */ = {isa = PBXBuildFile; fileRef = D5E441411B3FED0C00439C2F /* LaunchScreen.xib */; };
		D5E4414F1B3FED0C00439C2F /* AnimationTests.m in Sources */ = {isa = PBXBuildFile; fileRef = D5E4414E1B3FED0C00439C2F /* AnimationTests.m */; };
		D5E441591B3FED2F00439C2F /* Gem Blue.png in Resources */ = {isa = PBXBuildFile; fileRef = D5E441581B3FED2F00439C2F /* Gem Blue.png */; };
		D5E4415B1B3FEDEC00439C2F /* Rock.png in Resources */ = {isa = PBXBuildFile; fileRef = D5E4415A1B3FEDEC00439C2F /* Rock.png */; };
		D5E4415E1B3FEDFE00439C2F /* lostgarden.png in Resources */ = {isa = PBXBuildFile; fileRef = D5E4415C1B3FEDFE00439C2F /* lostgarden.png */; };
		D5E4415F1B3FEDFE00439C2F /* push.png in Resources */ = {isa = PBXBuildFile; fileRef = D5E4415D1B3FEDFE00439C2F /* push.png */; };
/* End PBXBuildFile section */

/* Begin PBXContainerItemProxy section */
		D5E441491B3FED0C00439C2F /* PBXContainerItemProxy */ = {
			isa = PBXContainerItemProxy;
			containerPortal = D5E441271B3FED0C00439C2F /* Project object */;
			proxyType = 1;
			remoteGlobalIDString = D5E4412E1B3FED0C00439C2F;
			remoteInfo = Animation;
		};
/* End PBXContainerItemProxy section */

/* Begin PBXFileReference section */
		D5E4412F1B3FED0C00439C2F /* Animation.app */ = {isa = PBXFileReference; explicitFileType = wrapper.application; includeInIndex = 0; path = Animation.app; sourceTree = BUILT_PRODUCTS_DIR; };
		D5E441331B3FED0C00439C2F /* Info.plist */ = {isa = PBXFileReference; lastKnownFileType = text.plist.xml; path = Info.plist; sourceTree = "<group>"; };
		D5E441341B3FED0C00439C2F /* main.m */ = {isa = PBXFileReference; lastKnownFileType = sourcecode.c.objc; path = main.m; sourceTree = "<group>"; };
		D5E441361B3FED0C00439C2F /* AppDelegate.h */ = {isa = PBXFileReference; lastKnownFileType = sourcecode.c.h; path = AppDelegate.h; sourceTree = "<group>"; };
		D5E441371B3FED0C00439C2F /* AppDelegate.m */ = {isa = PBXFileReference; lastKnownFileType = sourcecode.c.objc; path = AppDelegate.m; sourceTree = "<group>"; };
		D5E441391B3FED0C00439C2F /* ViewController.h */ = {isa = PBXFileReference; lastKnownFileType = sourcecode.c.h; path = ViewController.h; sourceTree = "<group>"; };
		D5E4413A1B3FED0C00439C2F /* ViewController.m */ = {isa = PBXFileReference; lastKnownFileType = sourcecode.c.objc; path = ViewController.m; sourceTree = "<group>"; };
		D5E4413D1B3FED0C00439C2F /* Base */ = {isa = PBXFileReference; lastKnownFileType = file.storyboard; name = Base; path = Base.lproj/Main.storyboard; sourceTree = "<group>"; };
		D5E4413F1B3FED0C00439C2F /* Images.xcassets */ = {isa = PBXFileReference; lastKnownFileType = folder.assetcatalog; path = Images.xcassets; sourceTree = "<group>"; };
		D5E441421B3FED0C00439C2F /* Base */ = {isa = PBXFileReference; lastKnownFileType = file.xib; name = Base; path = Base.lproj/LaunchScreen.xib; sourceTree = "<group>"; };
		D5E441481B3FED0C00439C2F /* AnimationTests.xctest */ = {isa = PBXFileReference; explicitFileType = wrapper.cfbundle; includeInIndex = 0; path = AnimationTests.xctest; sourceTree = BUILT_PRODUCTS_DIR; };
		D5E4414D1B3FED0C00439C2F /* Info.plist */ = {isa = PBXFileReference; lastKnownFileType = text.plist.xml; path = Info.plist; sourceTree = "<group>"; };
		D5E4414E1B3FED0C00439C2F /* AnimationTests.m */ = {isa = PBXFileReference; lastKnownFileType = sourcecode.c.objc; path = AnimationTests.m; sourceTree = "<group>"; };
		D5E441581B3FED2F00439C2F /* Gem Blue.png */ = {isa = PBXFileReference; lastKnownFileType = image.png; path = "Gem Blue.png"; sourceTree = "<group>"; };
		D5E4415A1B3FEDEC00439C2F /* Rock.png */ = {isa = PBXFileReference; lastKnownFileType = image.png; path = Rock.png; sourceTree = "<group>"; };
		D5E4415C1B3FEDFE00439C2F /* lostgarden.png */ = {isa = PBXFileReference; lastKnownFileType = image.png; path = lostgarden.png; sourceTree = "<group>"; };
		D5E4415D1B3FEDFE00439C2F /* push.png */ = {isa = PBXFileReference; lastKnownFileType = image.png; path = push.png; sourceTree = "<group>"; };
/* End PBXFileReference section */

/* Begin PBXFrameworksBuildPhase section */
		D5E4412C1B3FED0C00439C2F /* Frameworks */ = {
			isa = PBXFrameworksBuildPhase;
			buildActionMask = 2147483647;
			files = (
			);
			runOnlyForDeploymentPostprocessing = 0;
		};
		D5E441451B3FED0C00439C2F /* Frameworks */ = {
			isa = PBXFrameworksBuildPhase;
			buildActionMask = 2147483647;
			files = (
			);
			runOnlyForDeploymentPostprocessing = 0;
		};
/* End PBXFrameworksBuildPhase section */

/* Begin PBXGroup section */
		D5E441261B3FED0C00439C2F = {
			isa = PBXGroup;
			children = (
				D5E441581B3FED2F00439C2F /* Gem Blue.png */,
				D5E4415A1B3FEDEC00439C2F /* Rock.png */,
				D5E4415C1B3FEDFE00439C2F /* lostgarden.png */,
				D5E4415D1B3FEDFE00439C2F /* push.png */,
				D5E441311B3FED0C00439C2F /* Animation */,
				D5E4414B1B3FED0C00439C2F /* AnimationTests */,
				D5E441301B3FED0C00439C2F /* Products */,
			);
			sourceTree = "<group>";
		};
		D5E441301B3FED0C00439C2F /* Products */ = {
			isa = PBXGroup;
			children = (
				D5E4412F1B3FED0C00439C2F /* Animation.app */,
				D5E441481B3FED0C00439C2F /* AnimationTests.xctest */,
			);
			name = Products;
			sourceTree = "<group>";
		};
		D5E441311B3FED0C00439C2F /* Animation */ = {
			isa = PBXGroup;
			children = (
				D5E441361B3FED0C00439C2F /* AppDelegate.h */,
				D5E441371B3FED0C00439C2F /* AppDelegate.m */,
				D5E441391B3FED0C00439C2F /* ViewController.h */,
				D5E4413A1B3FED0C00439C2F /* ViewController.m */,
				D5E4413C1B3FED0C00439C2F /* Main.storyboard */,
				D5E4413F1B3FED0C00439C2F /* Images.xcassets */,
				D5E441411B3FED0C00439C2F /* LaunchScreen.xib */,
				D5E441321B3FED0C00439C2F /* Supporting Files */,
			);
			path = Animation;
			sourceTree = "<group>";
		};
		D5E441321B3FED0C00439C2F /* Supporting Files */ = {
			isa = PBXGroup;
			children = (
				D5E441331B3FED0C00439C2F /* Info.plist */,
				D5E441341B3FED0C00439C2F /* main.m */,
			);
			name = "Supporting Files";
			sourceTree = "<group>";
		};
		D5E4414B1B3FED0C00439C2F /* AnimationTests */ = {
			isa = PBXGroup;
			children = (
				D5E4414E1B3FED0C00439C2F /* AnimationTests.m */,
				D5E4414C1B3FED0C00439C2F /* Supporting Files */,
			);
			path = AnimationTests;
			sourceTree = "<group>";
		};
		D5E4414C1B3FED0C00439C2F /* Supporting Files */ = {
			isa = PBXGroup;
			children = (
				D5E4414D1B3FED0C00439C2F /* Info.plist */,
			);
			name = "Supporting Files";
			sourceTree = "<group>";
		};
/* End PBXGroup section */

/* Begin PBXNativeTarget section */
		D5E4412E1B3FED0C00439C2F /* Animation */ = {
			isa = PBXNativeTarget;
			buildConfigurationList = D5E441521B3FED0C00439C2F /* Build configuration list for PBXNativeTarget "Animation" */;
			buildPhases = (
				D5E4412B1B3FED0C00439C2F /* Sources */,
				D5E4412C1B3FED0C00439C2F /* Frameworks */,
				D5E4412D1B3FED0C00439C2F /* Resources */,
			);
			buildRules = (
			);
			dependencies = (
			);
			name = Animation;
			productName = Animation;
			productReference = D5E4412F1B3FED0C00439C2F /* Animation.app */;
			productType = "com.apple.product-type.application";
		};
		D5E441471B3FED0C00439C2F /* AnimationTests */ = {
			isa = PBXNativeTarget;
			buildConfigurationList = D5E441551B3FED0C00439C2F /* Build configuration list for PBXNativeTarget "AnimationTests" */;
			buildPhases = (
				D5E441441B3FED0C00439C2F /* Sources */,
				D5E441451B3FED0C00439C2F /* Frameworks */,
				D5E441461B3FED0C00439C2F /* Resources */,
			);
			buildRules = (
			);
			dependencies = (
				D5E4414A1B3FED0C00439C2F /* PBXTargetDependency */,
			);
			name = AnimationTests;
			productName = AnimationTests;
			productReference = D5E441481B3FED0C00439C2F /* AnimationTests.xctest */;
			productType = "com.apple.product-type.bundle.unit-test";
		};
/* End PBXNativeTarget section */

/* Begin PBXProject section */
		D5E441271B3FED0C00439C2F /* Project object */ = {
			isa = PBXProject;
			attributes = {
				LastUpgradeCheck = 0630;
				ORGANIZATIONNAME = FNNishipu;
				TargetAttributes = {
					D5E4412E1B3FED0C00439C2F = {
						CreatedOnToolsVersion = 6.3.2;
					};
					D5E441471B3FED0C00439C2F = {
						CreatedOnToolsVersion = 6.3.2;
						TestTargetID = D5E4412E1B3FED0C00439C2F;
					};
				};
			};
			buildConfigurationList = D5E4412A1B3FED0C00439C2F /* Build configuration list for PBXProject "Animation" */;
			compatibilityVersion = "Xcode 3.2";
			developmentRegion = English;
			hasScannedForEncodings = 0;
			knownRegions = (
				en,
				Base,
			);
			mainGroup = D5E441261B3FED0C00439C2F;
			productRefGroup = D5E441301B3FED0C00439C2F /* Products */;
			projectDirPath = "";
			projectRoot = "";
			targets = (
				D5E4412E1B3FED0C00439C2F /* Animation */,
				D5E441471B3FED0C00439C2F /* AnimationTests */,
			);
		};
/* End PBXProject section */

/* Begin PBXResourcesBuildPhase section */
		D5E4412D1B3FED0C00439C2F /* Resources */ = {
			isa = PBXResourcesBuildPhase;
			buildActionMask = 2147483647;
			files = (
				D5E441591B3FED2F00439C2F /* Gem Blue.png in Resources */,
				D5E4413E1B3FED0C00439C2F /* Main.storyboard in Resources */,
				D5E4415F1B3FEDFE00439C2F /* push.png in Resources */,
				D5E4415B1B3FEDEC00439C2F /* Rock.png in Resources */,
				D5E441431B3FED0C00439C2F /* LaunchScreen.xib in Resources */,
				D5E4415E1B3FEDFE00439C2F /* lostgarden.png in Resources */,
				D5E441401B3FED0C00439C2F /* Images.xcassets in Resources */,
			);
			runOnlyForDeploymentPostprocessing = 0;
		};
		D5E441461B3FED0C00439C2F /* Resources */ = {
			isa = PBXResourcesBuildPhase;
			buildActionMask = 2147483647;
			files = (
			);
			runOnlyForDeploymentPostprocessing = 0;
		};
/* End PBXResourcesBuildPhase section */

/* Begin PBXSourcesBuildPhase section */
		D5E4412B1B3FED0C00439C2F /* Sources */ = {
			isa = PBXSourcesBuildPhase;
			buildActionMask = 2147483647;
			files = (
				D5E4413B1B3FED0C00439C2F /* ViewController.m in Sources */,
				D5E441381B3FED0C00439C2F /* AppDelegate.m in Sources */,
				D5E441351B3FED0C00439C2F /* main.m in Sources */,
			);
			runOnlyForDeploymentPostprocessing = 0;
		};
		D5E441441B3FED0C00439C2F /* Sources */ = {
			isa = PBXSourcesBuildPhase;
			buildActionMask = 2147483647;
			files = (
				D5E4414F1B3FED0C00439C2F /* AnimationTests.m in Sources */,
			);
			runOnlyForDeploymentPostprocessing = 0;
		};
/* End PBXSourcesBuildPhase section */

/* Begin PBXTargetDependency section */
		D5E4414A1B3FED0C00439C2F /* PBXTargetDependency */ = {
			isa = PBXTargetDependency;
			target = D5E4412E1B3FED0C00439C2F /* Animation */;
			targetProxy = D5E441491B3FED0C00439C2F /* PBXContainerItemProxy */;
		};
/* End PBXTargetDependency section */

/* Begin PBXVariantGroup section */
		D5E4413C1B3FED0C00439C2F /* Main.storyboard */ = {
			isa = PBXVariantGroup;
			children = (
				D5E4413D1B3FED0C00439C2F /* Base */,
			);
			name = Main.storyboard;
			sourceTree = "<group>";
		};
		D5E441411B3FED0C00439C2F /* LaunchScreen.xib */ = {
			isa = PBXVariantGroup;
			children = (
				D5E441421B3FED0C00439C2F /* Base */,
			);
			name = LaunchScreen.xib;
			sourceTree = "<group>";
		};
/* End PBXVariantGroup section */

/* Begin XCBuildConfiguration section */
		D5E441501B3FED0C00439C2F /* Debug */ = {
			isa = XCBuildConfiguration;
			buildSettings = {
				ALWAYS_SEARCH_USER_PATHS = NO;
				CLANG_CXX_LANGUAGE_STANDARD = "gnu++0x";
				CLANG_CXX_LIBRARY = "libc++";
				CLANG_ENABLE_MODULES = YES;
				CLANG_ENABLE_OBJC_ARC = YES;
				CLANG_WARN_BOOL_CONVERSION = YES;
				CLANG_WARN_CONSTANT_CONVERSION = YES;
				CLANG_WARN_DIRECT_OBJC_ISA_USAGE = YES_ERROR;
				CLANG_WARN_EMPTY_BODY = YES;
				CLANG_WARN_ENUM_CONVERSION = YES;
				CLANG_WARN_INT_CONVERSION = YES;
				CLANG_WARN_OBJC_ROOT_CLASS = YES_ERROR;
				CLANG_WARN_UNREACHABLE_CODE = YES;
				CLANG_WARN__DUPLICATE_METHOD_MATCH = YES;
				"CODE_SIGN_IDENTITY[sdk=iphoneos*]" = "iPhone Developer";
				COPY_PHASE_STRIP = NO;
				DEBUG_INFORMATION_FORMAT = "dwarf-with-dsym";
				ENABLE_STRICT_OBJC_MSGSEND = YES;
				GCC_C_LANGUAGE_STANDARD = gnu99;
				GCC_DYNAMIC_NO_PIC = NO;
				GCC_NO_COMMON_BLOCKS = YES;
				GCC_OPTIMIZATION_LEVEL = 0;
				GCC_PREPROCESSOR_DEFINITIONS = (
					"DEBUG=1",
					"$(inherited)",
				);
				GCC_SYMBOLS_PRIVATE_EXTERN = NO;
				GCC_WARN_64_TO_32_BIT_CONVERSION = YES;
				GCC_WARN_ABOUT_RETURN_TYPE = YES_ERROR;
				GCC_WARN_UNDECLARED_SELECTOR = YES;
				GCC_WARN_UNINITIALIZED_AUTOS = YES_AGGRESSIVE;
				GCC_WARN_UNUSED_FUNCTION = YES;
				GCC_WARN_UNUSED_VARIABLE = YES;
				IPHONEOS_DEPLOYMENT_TARGET = 8.3;
				MTL_ENABLE_DEBUG_INFO = YES;
				ONLY_ACTIVE_ARCH = YES;
				SDKROOT = iphoneos;
			};
			name = Debug;
		};
		D5E441511B3FED0C00439C2F /* Release */ = {
			isa = XCBuildConfiguration;
			buildSettings = {
				ALWAYS_SEARCH_USER_PATHS = NO;
				CLANG_CXX_LANGUAGE_STANDARD = "gnu++0x";
				CLANG_CXX_LIBRARY = "libc++";
				CLANG_ENABLE_MODULES = YES;
				CLANG_ENABLE_OBJC_ARC = YES;
				CLANG_WARN_BOOL_CONVERSION = YES;
				CLANG_WARN_CONSTANT_CONVERSION = YES;
				CLANG_WARN_DIRECT_OBJC_ISA_USAGE = YES_ERROR;
				CLANG_WARN_EMPTY_BODY = YES;
				CLANG_WARN_ENUM_CONVERSION = YES;
				CLANG_WARN_INT_CONVERSION = YES;
				CLANG_WARN_OBJC_ROOT_CLASS = YES_ERROR;
				CLANG_WARN_UNREACHABLE_CODE = YES;
				CLANG_WARN__DUPLICATE_METHOD_MATCH = YES;
				"CODE_SIGN_IDENTITY[sdk=iphoneos*]" = "iPhone Developer";
				COPY_PHASE_STRIP = NO;
				DEBUG_INFORMATION_FORMAT = "dwarf-with-dsym";
				ENABLE_NS_ASSERTIONS = NO;
				ENABLE_STRICT_OBJC_MSGSEND = YES;
				GCC_C_LANGUAGE_STANDARD = gnu99;
				GCC_NO_COMMON_BLOCKS = YES;
				GCC_WARN_64_TO_32_BIT_CONVERSION = YES;
				GCC_WARN_ABOUT_RETURN_TYPE = YES_ERROR;
				GCC_WARN_UNDECLARED_SELECTOR = YES;
				GCC_WARN_UNINITIALIZED_AUTOS = YES_AGGRESSIVE;
				GCC_WARN_UNUSED_FUNCTION = YES;
				GCC_WARN_UNUSED_VARIABLE = YES;
				IPHONEOS_DEPLOYMENT_TARGET = 8.3;
				MTL_ENABLE_DEBUG_INFO = NO;
				SDKROOT = iphoneos;
				VALIDATE_PRODUCT = YES;
			};
			name = Release;
		};
		D5E441531B3FED0C00439C2F /* Debug */ = {
			isa = XCBuildConfiguration;
			buildSettings = {
				ASSETCATALOG_COMPILER_APPICON_NAME = AppIcon;
				INFOPLIST_FILE = Animation/Info.plist;
				LD_RUNPATH_SEARCH_PATHS = "$(inherited) @executable_path/Frameworks";
				PRODUCT_NAME = "$(TARGET_NAME)";
			};
			name = Debug;
		};
		D5E441541B3FED0C00439C2F /* Release */ = {
			isa = XCBuildConfiguration;
			buildSettings = {
				ASSETCATALOG_COMPILER_APPICON_NAME = AppIcon;
				INFOPLIST_FILE = Animation/Info.plist;
				LD_RUNPATH_SEARCH_PATHS = "$(inherited) @executable_path/Frameworks";
				PRODUCT_NAME = "$(TARGET_NAME)";
			};
			name = Release;
		};
		D5E441561B3FED0C00439C2F /* Debug */ = {
			isa = XCBuildConfiguration;
			buildSettings = {
				BUNDLE_LOADER = "$(TEST_HOST)";
				FRAMEWORK_SEARCH_PATHS = (
					"$(SDKROOT)/Developer/Library/Frameworks",
					"$(inherited)",
				);
				GCC_PREPROCESSOR_DEFINITIONS = (
					"DEBUG=1",
					"$(inherited)",
				);
				INFOPLIST_FILE = AnimationTests/Info.plist;
				LD_RUNPATH_SEARCH_PATHS = "$(inherited) @executable_path/Frameworks @loader_path/Frameworks";
				PRODUCT_NAME = "$(TARGET_NAME)";
				TEST_HOST = "$(BUILT_PRODUCTS_DIR)/Animation.app/Animation";
			};
			name = Debug;
		};
		D5E441571B3FED0C00439C2F /* Release */ = {
			isa = XCBuildConfiguration;
			buildSettings = {
				BUNDLE_LOADER = "$(TEST_HOST)";
				FRAMEWORK_SEARCH_PATHS = (
					"$(SDKROOT)/Developer/Library/Frameworks",
					"$(inherited)",
				);
				INFOPLIST_FILE = AnimationTests/Info.plist;
				LD_RUNPATH_SEARCH_PATHS = "$(inherited) @executable_path/Frameworks @loader_path/Frameworks";
				PRODUCT_NAME = "$(TARGET_NAME)";
				TEST_HOST = "$(BUILT_PRODUCTS_DIR)/Animation.app/Animation";
			};
			name = Release;
		};
/* End XCBuildConfiguration section */

/* Begin XCConfigurationList section */
		D5E4412A1B3FED0C00439C2F /* Build configuration list for PBXProject "Animation" */ = {
			isa = XCConfigurationList;
			buildConfigurations = (
				D5E441501B3FED0C00439C2F /* Debug */,
				D5E441511B3FED0C00439C2F /* Release */,
			);
			defaultConfigurationIsVisible = 0;
			defaultConfigurationName = Release;
		};
		D5E441521B3FED0C00439C2F /* Build configuration list for PBXNativeTarget "Animation" */ = {
			isa = XCConfigurationList;
			buildConfigurations = (
				D5E441531B3FED0C00439C2F /* Debug */,
				D5E441541B3FED0C00439C2F /* Release */,
			);
			defaultConfigurationIsVisible = 0;
		};
		D5E441551B3FED0C00439C2F /* Build configuration list for PBXNativeTarget "AnimationTests" */ = {
			isa = XCConfigurationList;
			buildConfigurations = (
				D5E441561B3FED0C00439C2F /* Debug */,
				D5E441571B3FED0C00439C2F /* Release */,
			);
			defaultConfigurationIsVisible = 0;
		};
/* End XCConfigurationList section */
	};
	rootObject = D5E441271B3FED0C00439C2F /* Project object */;
}
