// !$*UTF8*$!
{
	archiveVersion = 1;
	classes = {
	};
	objectVersion = 46;
	objects = {

/* Begin PBXBuildFile section */
		D5E70FA11B5CE9910073FFD2 /* main.m in Sources */ = {isa = PBXBuildFile; fileRef = D5E70FA01B5CE9910073FFD2 /* main.m */; };
		D5E70FA41B5CE9910073FFD2 /* AppDelegate.m in Sources */ = {isa = PBXBuildFile; fileRef = D5E70FA31B5CE9910073FFD2 /* AppDelegate.m */; };
		D5E70FA71B5CE9910073FFD2 /* ViewController.m in Sources */ = {isa = PBXBuildFile; fileRef = D5E70FA61B5CE9910073FFD2 /* ViewController.m */; };
		D5E70FAA1B5CE9910073FFD2 /* Main.storyboard in Resources */ = {isa = PBXBuildFile; fileRef = D5E70FA81B5CE9910073FFD2 /* Main.storyboard */; };
		D5E70FAC1B5CE9910073FFD2 /* Images.xcassets in Resources */ = {isa = PBXBuildFile; fileRef = D5E70FAB1B5CE9910073FFD2 /* Images.xcassets */; };
		D5E70FAF1B5CE9910073FFD2 /* LaunchScreen.xib in Resources */ = {isa = PBXBuildFile; fileRef = D5E70FAD1B5CE9910073FFD2 /* LaunchScreen.xib */; };
		D5E70FBB1B5CE9910073FFD2 /* CoreTextMagazineTests.m in Sources */ = {isa = PBXBuildFile; fileRef = D5E70FBA1B5CE9910073FFD2 /* CoreTextMagazineTests.m */; };
		D5E70FC61B5CEA170073FFD2 /* CTView.m in Sources */ = {isa = PBXBuildFile; fileRef = D5E70FC51B5CEA170073FFD2 /* CTView.m */; };
		D5E70FC91B5D169A0073FFD2 /* MarkupParser.m in Sources */ = {isa = PBXBuildFile; fileRef = D5E70FC81B5D169A0073FFD2 /* MarkupParser.m */; };
		D5E70FCA1B5D169A0073FFD2 /* MarkupParser.m in Sources */ = {isa = PBXBuildFile; fileRef = D5E70FC81B5D169A0073FFD2 /* MarkupParser.m */; };
		D5E70FCC1B5D1B360073FFD2 /* test.txt in Resources */ = {isa = PBXBuildFile; fileRef = D5E70FCB1B5D1B360073FFD2 /* test.txt */; };
		D5E70FCF1B5D20CE0073FFD2 /* CTColumnView.m in Sources */ = {isa = PBXBuildFile; fileRef = D5E70FCE1B5D20CE0073FFD2 /* CTColumnView.m */; };
		D5E9CBDB1B5DDF5800CF83FF /* zombie1.jpg in Resources */ = {isa = PBXBuildFile; fileRef = D5E9CBD71B5DDF5800CF83FF /* zombie1.jpg */; };
		D5E9CBDC1B5DDF5800CF83FF /* zombie2.jpg in Resources */ = {isa = PBXBuildFile; fileRef = D5E9CBD81B5DDF5800CF83FF /* zombie2.jpg */; };
		D5E9CBDD1B5DDF5800CF83FF /* zombie3.jpg in Resources */ = {isa = PBXBuildFile; fileRef = D5E9CBD91B5DDF5800CF83FF /* zombie3.jpg */; };
		D5E9CBDE1B5DDF5800CF83FF /* zombies.txt in Resources */ = {isa = PBXBuildFile; fileRef = D5E9CBDA1B5DDF5800CF83FF /* zombies.txt */; };
/* End PBXBuildFile section */

/* Begin PBXContainerItemProxy section */
		D5E70FB51B5CE9910073FFD2 /* PBXContainerItemProxy */ = {
			isa = PBXContainerItemProxy;
			containerPortal = D5E70F931B5CE9910073FFD2 /* Project object */;
			proxyType = 1;
			remoteGlobalIDString = D5E70F9A1B5CE9910073FFD2;
			remoteInfo = CoreTextMagazine;
		};
/* End PBXContainerItemProxy section */

/* Begin PBXFileReference section */
		D5E70F9B1B5CE9910073FFD2 /* CoreTextMagazine.app */ = {isa = PBXFileReference; explicitFileType = wrapper.application; includeInIndex = 0; path = CoreTextMagazine.app; sourceTree = BUILT_PRODUCTS_DIR; };
		D5E70F9F1B5CE9910073FFD2 /* Info.plist */ = {isa = PBXFileReference; lastKnownFileType = text.plist.xml; path = Info.plist; sourceTree = "<group>"; };
		D5E70FA01B5CE9910073FFD2 /* main.m */ = {isa = PBXFileReference; lastKnownFileType = sourcecode.c.objc; path = main.m; sourceTree = "<group>"; };
		D5E70FA21B5CE9910073FFD2 /* AppDelegate.h */ = {isa = PBXFileReference; lastKnownFileType = sourcecode.c.h; path = AppDelegate.h; sourceTree = "<group>"; };
		D5E70FA31B5CE9910073FFD2 /* AppDelegate.m */ = {isa = PBXFileReference; lastKnownFileType = sourcecode.c.objc; path = AppDelegate.m; sourceTree = "<group>"; };
		D5E70FA51B5CE9910073FFD2 /* ViewController.h */ = {isa = PBXFileReference; lastKnownFileType = sourcecode.c.h; path = ViewController.h; sourceTree = "<group>"; };
		D5E70FA61B5CE9910073FFD2 /* ViewController.m */ = {isa = PBXFileReference; lastKnownFileType = sourcecode.c.objc; path = ViewController.m; sourceTree = "<group>"; };
		D5E70FA91B5CE9910073FFD2 /* Base */ = {isa = PBXFileReference; lastKnownFileType = file.storyboard; name = Base; path = Base.lproj/Main.storyboard; sourceTree = "<group>"; };
		D5E70FAB1B5CE9910073FFD2 /* Images.xcassets */ = {isa = PBXFileReference; lastKnownFileType = folder.assetcatalog; path = Images.xcassets; sourceTree = "<group>"; };
		D5E70FAE1B5CE9910073FFD2 /* Base */ = {isa = PBXFileReference; lastKnownFileType = file.xib; name = Base; path = Base.lproj/LaunchScreen.xib; sourceTree = "<group>"; };
		D5E70FB41B5CE9910073FFD2 /* CoreTextMagazineTests.xctest */ = {isa = PBXFileReference; explicitFileType = wrapper.cfbundle; includeInIndex = 0; path = CoreTextMagazineTests.xctest; sourceTree = BUILT_PRODUCTS_DIR; };
		D5E70FB91B5CE9910073FFD2 /* Info.plist */ = {isa = PBXFileReference; lastKnownFileType = text.plist.xml; path = Info.plist; sourceTree = "<group>"; };
		D5E70FBA1B5CE9910073FFD2 /* CoreTextMagazineTests.m */ = {isa = PBXFileReference; lastKnownFileType = sourcecode.c.objc; path = CoreTextMagazineTests.m; sourceTree = "<group>"; };
		D5E70FC41B5CEA170073FFD2 /* CTView.h */ = {isa = PBXFileReference; fileEncoding = 4; lastKnownFileType = sourcecode.c.h; path = CTView.h; sourceTree = "<group>"; };
		D5E70FC51B5CEA170073FFD2 /* CTView.m */ = {isa = PBXFileReference; fileEncoding = 4; lastKnownFileType = sourcecode.c.objc; path = CTView.m; sourceTree = "<group>"; };
		D5E70FC71B5D169A0073FFD2 /* MarkupParser.h */ = {isa = PBXFileReference; fileEncoding = 4; lastKnownFileType = sourcecode.c.h; path = MarkupParser.h; sourceTree = "<group>"; };
		D5E70FC81B5D169A0073FFD2 /* MarkupParser.m */ = {isa = PBXFileReference; fileEncoding = 4; lastKnownFileType = sourcecode.c.objc; path = MarkupParser.m; sourceTree = "<group>"; };
		D5E70FCB1B5D1B360073FFD2 /* test.txt */ = {isa = PBXFileReference; fileEncoding = 4; lastKnownFileType = text; path = test.txt; sourceTree = "<group>"; };
		D5E70FCD1B5D20CE0073FFD2 /* CTColumnView.h */ = {isa = PBXFileReference; fileEncoding = 4; lastKnownFileType = sourcecode.c.h; path = CTColumnView.h; sourceTree = "<group>"; };
		D5E70FCE1B5D20CE0073FFD2 /* CTColumnView.m */ = {isa = PBXFileReference; fileEncoding = 4; lastKnownFileType = sourcecode.c.objc; path = CTColumnView.m; sourceTree = "<group>"; };
		D5E9CBD71B5DDF5800CF83FF /* zombie1.jpg */ = {isa = PBXFileReference; lastKnownFileType = image.jpeg; path = zombie1.jpg; sourceTree = "<group>"; };
		D5E9CBD81B5DDF5800CF83FF /* zombie2.jpg */ = {isa = PBXFileReference; lastKnownFileType = image.jpeg; path = zombie2.jpg; sourceTree = "<group>"; };
		D5E9CBD91B5DDF5800CF83FF /* zombie3.jpg */ = {isa = PBXFileReference; lastKnownFileType = image.jpeg; path = zombie3.jpg; sourceTree = "<group>"; };
		D5E9CBDA1B5DDF5800CF83FF /* zombies.txt */ = {isa = PBXFileReference; fileEncoding = 4; lastKnownFileType = text; path = zombies.txt; sourceTree = "<group>"; };
/* End PBXFileReference section */

/* Begin PBXFrameworksBuildPhase section */
		D5E70F981B5CE9910073FFD2 /* Frameworks */ = {
			isa = PBXFrameworksBuildPhase;
			buildActionMask = 2147483647;
			files = (
			);
			runOnlyForDeploymentPostprocessing = 0;
		};
		D5E70FB11B5CE9910073FFD2 /* Frameworks */ = {
			isa = PBXFrameworksBuildPhase;
			buildActionMask = 2147483647;
			files = (
			);
			runOnlyForDeploymentPostprocessing = 0;
		};
/* End PBXFrameworksBuildPhase section */

/* Begin PBXGroup section */
		D5E70F921B5CE9910073FFD2 = {
			isa = PBXGroup;
			children = (
				D5E9CBD61B5DDF5800CF83FF /* zombieMagMaterials */,
				D5E70F9D1B5CE9910073FFD2 /* CoreTextMagazine */,
				D5E70FB71B5CE9910073FFD2 /* CoreTextMagazineTests */,
				D5E70F9C1B5CE9910073FFD2 /* Products */,
			);
			sourceTree = "<group>";
		};
		D5E70F9C1B5CE9910073FFD2 /* Products */ = {
			isa = PBXGroup;
			children = (
				D5E70F9B1B5CE9910073FFD2 /* CoreTextMagazine.app */,
				D5E70FB41B5CE9910073FFD2 /* CoreTextMagazineTests.xctest */,
			);
			name = Products;
			sourceTree = "<group>";
		};
		D5E70F9D1B5CE9910073FFD2 /* CoreTextMagazine */ = {
			isa = PBXGroup;
			children = (
				D5E70FA21B5CE9910073FFD2 /* AppDelegate.h */,
				D5E70FA31B5CE9910073FFD2 /* AppDelegate.m */,
				D5E70FA51B5CE9910073FFD2 /* ViewController.h */,
				D5E70FA61B5CE9910073FFD2 /* ViewController.m */,
				D5E70FCD1B5D20CE0073FFD2 /* CTColumnView.h */,
				D5E70FCE1B5D20CE0073FFD2 /* CTColumnView.m */,
				D5E70FC41B5CEA170073FFD2 /* CTView.h */,
				D5E70FC51B5CEA170073FFD2 /* CTView.m */,
				D5E70FCB1B5D1B360073FFD2 /* test.txt */,
				D5E70FC71B5D169A0073FFD2 /* MarkupParser.h */,
				D5E70FC81B5D169A0073FFD2 /* MarkupParser.m */,
				D5E70FA81B5CE9910073FFD2 /* Main.storyboard */,
				D5E70FAB1B5CE9910073FFD2 /* Images.xcassets */,
				D5E70FAD1B5CE9910073FFD2 /* LaunchScreen.xib */,
				D5E70F9E1B5CE9910073FFD2 /* Supporting Files */,
			);
			path = CoreTextMagazine;
			sourceTree = "<group>";
		};
		D5E70F9E1B5CE9910073FFD2 /* Supporting Files */ = {
			isa = PBXGroup;
			children = (
				D5E70F9F1B5CE9910073FFD2 /* Info.plist */,
				D5E70FA01B5CE9910073FFD2 /* main.m */,
			);
			name = "Supporting Files";
			sourceTree = "<group>";
		};
		D5E70FB71B5CE9910073FFD2 /* CoreTextMagazineTests */ = {
			isa = PBXGroup;
			children = (
				D5E70FBA1B5CE9910073FFD2 /* CoreTextMagazineTests.m */,
				D5E70FB81B5CE9910073FFD2 /* Supporting Files */,
			);
			path = CoreTextMagazineTests;
			sourceTree = "<group>";
		};
		D5E70FB81B5CE9910073FFD2 /* Supporting Files */ = {
			isa = PBXGroup;
			children = (
				D5E70FB91B5CE9910073FFD2 /* Info.plist */,
			);
			name = "Supporting Files";
			sourceTree = "<group>";
		};
		D5E9CBD61B5DDF5800CF83FF /* zombieMagMaterials */ = {
			isa = PBXGroup;
			children = (
				D5E9CBD71B5DDF5800CF83FF /* zombie1.jpg */,
				D5E9CBD81B5DDF5800CF83FF /* zombie2.jpg */,
				D5E9CBD91B5DDF5800CF83FF /* zombie3.jpg */,
				D5E9CBDA1B5DDF5800CF83FF /* zombies.txt */,
			);
			path = zombieMagMaterials;
			sourceTree = "<group>";
		};
/* End PBXGroup section */

/* Begin PBXNativeTarget section */
		D5E70F9A1B5CE9910073FFD2 /* CoreTextMagazine */ = {
			isa = PBXNativeTarget;
			buildConfigurationList = D5E70FBE1B5CE9910073FFD2 /* Build configuration list for PBXNativeTarget "CoreTextMagazine" */;
			buildPhases = (
				D5E70F971B5CE9910073FFD2 /* Sources */,
				D5E70F981B5CE9910073FFD2 /* Frameworks */,
				D5E70F991B5CE9910073FFD2 /* Resources */,
			);
			buildRules = (
			);
			dependencies = (
			);
			name = CoreTextMagazine;
			productName = CoreTextMagazine;
			productReference = D5E70F9B1B5CE9910073FFD2 /* CoreTextMagazine.app */;
			productType = "com.apple.product-type.application";
		};
		D5E70FB31B5CE9910073FFD2 /* CoreTextMagazineTests */ = {
			isa = PBXNativeTarget;
			buildConfigurationList = D5E70FC11B5CE9910073FFD2 /* Build configuration list for PBXNativeTarget "CoreTextMagazineTests" */;
			buildPhases = (
				D5E70FB01B5CE9910073FFD2 /* Sources */,
				D5E70FB11B5CE9910073FFD2 /* Frameworks */,
				D5E70FB21B5CE9910073FFD2 /* Resources */,
			);
			buildRules = (
			);
			dependencies = (
				D5E70FB61B5CE9910073FFD2 /* PBXTargetDependency */,
			);
			name = CoreTextMagazineTests;
			productName = CoreTextMagazineTests;
			productReference = D5E70FB41B5CE9910073FFD2 /* CoreTextMagazineTests.xctest */;
			productType = "com.apple.product-type.bundle.unit-test";
		};
/* End PBXNativeTarget section */

/* Begin PBXProject section */
		D5E70F931B5CE9910073FFD2 /* Project object */ = {
			isa = PBXProject;
			attributes = {
				LastUpgradeCheck = 0630;
				ORGANIZATIONNAME = FNNishipu;
				TargetAttributes = {
					D5E70F9A1B5CE9910073FFD2 = {
						CreatedOnToolsVersion = 6.3.2;
					};
					D5E70FB31B5CE9910073FFD2 = {
						CreatedOnToolsVersion = 6.3.2;
						TestTargetID = D5E70F9A1B5CE9910073FFD2;
					};
				};
			};
			buildConfigurationList = D5E70F961B5CE9910073FFD2 /* Build configuration list for PBXProject "CoreTextMagazine" */;
			compatibilityVersion = "Xcode 3.2";
			developmentRegion = English;
			hasScannedForEncodings = 0;
			knownRegions = (
				en,
				Base,
			);
			mainGroup = D5E70F921B5CE9910073FFD2;
			productRefGroup = D5E70F9C1B5CE9910073FFD2 /* Products */;
			projectDirPath = "";
			projectRoot = "";
			targets = (
				D5E70F9A1B5CE9910073FFD2 /* CoreTextMagazine */,
				D5E70FB31B5CE9910073FFD2 /* CoreTextMagazineTests */,
			);
		};
/* End PBXProject section */

/* Begin PBXResourcesBuildPhase section */
		D5E70F991B5CE9910073FFD2 /* Resources */ = {
			isa = PBXResourcesBuildPhase;
			buildActionMask = 2147483647;
			files = (
				D5E70FAA1B5CE9910073FFD2 /* Main.storyboard in Resources */,
				D5E70FAF1B5CE9910073FFD2 /* LaunchScreen.xib in Resources */,
				D5E9CBDE1B5DDF5800CF83FF /* zombies.txt in Resources */,
				D5E70FCC1B5D1B360073FFD2 /* test.txt in Resources */,
				D5E70FAC1B5CE9910073FFD2 /* Images.xcassets in Resources */,
				D5E9CBDC1B5DDF5800CF83FF /* zombie2.jpg in Resources */,
				D5E9CBDB1B5DDF5800CF83FF /* zombie1.jpg in Resources */,
				D5E9CBDD1B5DDF5800CF83FF /* zombie3.jpg in Resources */,
			);
			runOnlyForDeploymentPostprocessing = 0;
		};
		D5E70FB21B5CE9910073FFD2 /* Resources */ = {
			isa = PBXResourcesBuildPhase;
			buildActionMask = 2147483647;
			files = (
			);
			runOnlyForDeploymentPostprocessing = 0;
		};
/* End PBXResourcesBuildPhase section */

/* Begin PBXSourcesBuildPhase section */
		D5E70F971B5CE9910073FFD2 /* Sources */ = {
			isa = PBXSourcesBuildPhase;
			buildActionMask = 2147483647;
			files = (
				D5E70FA71B5CE9910073FFD2 /* ViewController.m in Sources */,
				D5E70FC61B5CEA170073FFD2 /* CTView.m in Sources */,
				D5E70FA41B5CE9910073FFD2 /* AppDelegate.m in Sources */,
				D5E70FC91B5D169A0073FFD2 /* MarkupParser.m in Sources */,
				D5E70FA11B5CE9910073FFD2 /* main.m in Sources */,
				D5E70FCF1B5D20CE0073FFD2 /* CTColumnView.m in Sources */,
			);
			runOnlyForDeploymentPostprocessing = 0;
		};
		D5E70FB01B5CE9910073FFD2 /* Sources */ = {
			isa = PBXSourcesBuildPhase;
			buildActionMask = 2147483647;
			files = (
				D5E70FCA1B5D169A0073FFD2 /* MarkupParser.m in Sources */,
				D5E70FBB1B5CE9910073FFD2 /* CoreTextMagazineTests.m in Sources */,
			);
			runOnlyForDeploymentPostprocessing = 0;
		};
/* End PBXSourcesBuildPhase section */

/* Begin PBXTargetDependency section */
		D5E70FB61B5CE9910073FFD2 /* PBXTargetDependency */ = {
			isa = PBXTargetDependency;
			target = D5E70F9A1B5CE9910073FFD2 /* CoreTextMagazine */;
			targetProxy = D5E70FB51B5CE9910073FFD2 /* PBXContainerItemProxy */;
		};
/* End PBXTargetDependency section */

/* Begin PBXVariantGroup section */
		D5E70FA81B5CE9910073FFD2 /* Main.storyboard */ = {
			isa = PBXVariantGroup;
			children = (
				D5E70FA91B5CE9910073FFD2 /* Base */,
			);
			name = Main.storyboard;
			sourceTree = "<group>";
		};
		D5E70FAD1B5CE9910073FFD2 /* LaunchScreen.xib */ = {
			isa = PBXVariantGroup;
			children = (
				D5E70FAE1B5CE9910073FFD2 /* Base */,
			);
			name = LaunchScreen.xib;
			sourceTree = "<group>";
		};
/* End PBXVariantGroup section */

/* Begin XCBuildConfiguration section */
		D5E70FBC1B5CE9910073FFD2 /* Debug */ = {
			isa = XCBuildConfiguration;
			buildSettings = {
				ALWAYS_SEARCH_USER_PATHS = NO;
				CLANG_CXX_LANGUAGE_STANDARD = "gnu++0x";
				CLANG_CXX_LIBRARY = "libc++";
				CLANG_ENABLE_MODULES = YES;
				CLANG_ENABLE_OBJC_ARC = YES;
				CLANG_WARN_BOOL_CONVERSION = YES;
				CLANG_WARN_CONSTANT_CONVERSION = YES;
				CLANG_WARN_DIRECT_OBJC_ISA_USAGE = YES_ERROR;
				CLANG_WARN_EMPTY_BODY = YES;
				CLANG_WARN_ENUM_CONVERSION = YES;
				CLANG_WARN_INT_CONVERSION = YES;
				CLANG_WARN_OBJC_ROOT_CLASS = YES_ERROR;
				CLANG_WARN_UNREACHABLE_CODE = YES;
				CLANG_WARN__DUPLICATE_METHOD_MATCH = YES;
				"CODE_SIGN_IDENTITY[sdk=iphoneos*]" = "iPhone Developer";
				COPY_PHASE_STRIP = NO;
				DEBUG_INFORMATION_FORMAT = "dwarf-with-dsym";
				ENABLE_STRICT_OBJC_MSGSEND = YES;
				GCC_C_LANGUAGE_STANDARD = gnu99;
				GCC_DYNAMIC_NO_PIC = NO;
				GCC_NO_COMMON_BLOCKS = YES;
				GCC_OPTIMIZATION_LEVEL = 0;
				GCC_PREPROCESSOR_DEFINITIONS = (
					"DEBUG=1",
					"$(inherited)",
				);
				GCC_SYMBOLS_PRIVATE_EXTERN = NO;
				GCC_WARN_64_TO_32_BIT_CONVERSION = YES;
				GCC_WARN_ABOUT_RETURN_TYPE = YES_ERROR;
				GCC_WARN_UNDECLARED_SELECTOR = YES;
				GCC_WARN_UNINITIALIZED_AUTOS = YES_AGGRESSIVE;
				GCC_WARN_UNUSED_FUNCTION = YES;
				GCC_WARN_UNUSED_VARIABLE = YES;
				IPHONEOS_DEPLOYMENT_TARGET = 8.3;
				MTL_ENABLE_DEBUG_INFO = YES;
				ONLY_ACTIVE_ARCH = YES;
				SDKROOT = iphoneos;
				TARGETED_DEVICE_FAMILY = 2;
			};
			name = Debug;
		};
		D5E70FBD1B5CE9910073FFD2 /* Release */ = {
			isa = XCBuildConfiguration;
			buildSettings = {
				ALWAYS_SEARCH_USER_PATHS = NO;
				CLANG_CXX_LANGUAGE_STANDARD = "gnu++0x";
				CLANG_CXX_LIBRARY = "libc++";
				CLANG_ENABLE_MODULES = YES;
				CLANG_ENABLE_OBJC_ARC = YES;
				CLANG_WARN_BOOL_CONVERSION = YES;
				CLANG_WARN_CONSTANT_CONVERSION = YES;
				CLANG_WARN_DIRECT_OBJC_ISA_USAGE = YES_ERROR;
				CLANG_WARN_EMPTY_BODY = YES;
				CLANG_WARN_ENUM_CONVERSION = YES;
				CLANG_WARN_INT_CONVERSION = YES;
				CLANG_WARN_OBJC_ROOT_CLASS = YES_ERROR;
				CLANG_WARN_UNREACHABLE_CODE = YES;
				CLANG_WARN__DUPLICATE_METHOD_MATCH = YES;
				"CODE_SIGN_IDENTITY[sdk=iphoneos*]" = "iPhone Developer";
				COPY_PHASE_STRIP = NO;
				DEBUG_INFORMATION_FORMAT = "dwarf-with-dsym";
				ENABLE_NS_ASSERTIONS = NO;
				ENABLE_STRICT_OBJC_MSGSEND = YES;
				GCC_C_LANGUAGE_STANDARD = gnu99;
				GCC_NO_COMMON_BLOCKS = YES;
				GCC_WARN_64_TO_32_BIT_CONVERSION = YES;
				GCC_WARN_ABOUT_RETURN_TYPE = YES_ERROR;
				GCC_WARN_UNDECLARED_SELECTOR = YES;
				GCC_WARN_UNINITIALIZED_AUTOS = YES_AGGRESSIVE;
				GCC_WARN_UNUSED_FUNCTION = YES;
				GCC_WARN_UNUSED_VARIABLE = YES;
				IPHONEOS_DEPLOYMENT_TARGET = 8.3;
				MTL_ENABLE_DEBUG_INFO = NO;
				SDKROOT = iphoneos;
				TARGETED_DEVICE_FAMILY = 2;
				VALIDATE_PRODUCT = YES;
			};
			name = Release;
		};
		D5E70FBF1B5CE9910073FFD2 /* Debug */ = {
			isa = XCBuildConfiguration;
			buildSettings = {
				ASSETCATALOG_COMPILER_APPICON_NAME = AppIcon;
				INFOPLIST_FILE = CoreTextMagazine/Info.plist;
				LD_RUNPATH_SEARCH_PATHS = "$(inherited) @executable_path/Frameworks";
				PRODUCT_NAME = "$(TARGET_NAME)";
			};
			name = Debug;
		};
		D5E70FC01B5CE9910073FFD2 /* Release */ = {
			isa = XCBuildConfiguration;
			buildSettings = {
				ASSETCATALOG_COMPILER_APPICON_NAME = AppIcon;
				INFOPLIST_FILE = CoreTextMagazine/Info.plist;
				LD_RUNPATH_SEARCH_PATHS = "$(inherited) @executable_path/Frameworks";
				PRODUCT_NAME = "$(TARGET_NAME)";
			};
			name = Release;
		};
		D5E70FC21B5CE9910073FFD2 /* Debug */ = {
			isa = XCBuildConfiguration;
			buildSettings = {
				BUNDLE_LOADER = "$(TEST_HOST)";
				FRAMEWORK_SEARCH_PATHS = (
					"$(SDKROOT)/Developer/Library/Frameworks",
					"$(inherited)",
				);
				GCC_PREPROCESSOR_DEFINITIONS = (
					"DEBUG=1",
					"$(inherited)",
				);
				INFOPLIST_FILE = CoreTextMagazineTests/Info.plist;
				LD_RUNPATH_SEARCH_PATHS = "$(inherited) @executable_path/Frameworks @loader_path/Frameworks";
				PRODUCT_NAME = "$(TARGET_NAME)";
				TEST_HOST = "$(BUILT_PRODUCTS_DIR)/CoreTextMagazine.app/CoreTextMagazine";
			};
			name = Debug;
		};
		D5E70FC31B5CE9910073FFD2 /* Release */ = {
			isa = XCBuildConfiguration;
			buildSettings = {
				BUNDLE_LOADER = "$(TEST_HOST)";
				FRAMEWORK_SEARCH_PATHS = (
					"$(SDKROOT)/Developer/Library/Frameworks",
					"$(inherited)",
				);
				INFOPLIST_FILE = CoreTextMagazineTests/Info.plist;
				LD_RUNPATH_SEARCH_PATHS = "$(inherited) @executable_path/Frameworks @loader_path/Frameworks";
				PRODUCT_NAME = "$(TARGET_NAME)";
				TEST_HOST = "$(BUILT_PRODUCTS_DIR)/CoreTextMagazine.app/CoreTextMagazine";
			};
			name = Release;
		};
/* End XCBuildConfiguration section */

/* Begin XCConfigurationList section */
		D5E70F961B5CE9910073FFD2 /* Build configuration list for PBXProject "CoreTextMagazine" */ = {
			isa = XCConfigurationList;
			buildConfigurations = (
				D5E70FBC1B5CE9910073FFD2 /* Debug */,
				D5E70FBD1B5CE9910073FFD2 /* Release */,
			);
			defaultConfigurationIsVisible = 0;
			defaultConfigurationName = Release;
		};
		D5E70FBE1B5CE9910073FFD2 /* Build configuration list for PBXNativeTarget "CoreTextMagazine" */ = {
			isa = XCConfigurationList;
			buildConfigurations = (
				D5E70FBF1B5CE9910073FFD2 /* Debug */,
				D5E70FC01B5CE9910073FFD2 /* Release */,
			);
			defaultConfigurationIsVisible = 0;
			defaultConfigurationName = Release;
		};
		D5E70FC11B5CE9910073FFD2 /* Build configuration list for PBXNativeTarget "CoreTextMagazineTests" */ = {
			isa = XCConfigurationList;
			buildConfigurations = (
				D5E70FC21B5CE9910073FFD2 /* Debug */,
				D5E70FC31B5CE9910073FFD2 /* Release */,
			);
			defaultConfigurationIsVisible = 0;
			defaultConfigurationName = Release;
		};
/* End XCConfigurationList section */
	};
	rootObject = D5E70F931B5CE9910073FFD2 /* Project object */;
}
