// !$*UTF8*$!
{
	archiveVersion = 1;
	classes = {
	};
	objectVersion = 46;
	objects = {

/* Begin PBXBuildFile section */
		1F07AEA21CEDB0DE0066ECA4 /* Test.m in Sources */ = {isa = PBXBuildFile; fileRef = 1F07AEA11CEDB0DE0066ECA4 /* Test.m */; settings = {COMPILER_FLAGS = "-fno-objc-arc"; }; };
		1F07AEA81CEEF7E10066ECA4 /* TestView.m in Sources */ = {isa = PBXBuildFile; fileRef = 1F07AEA71CEEF7E10066ECA4 /* TestView.m */; };
		1F07AEAA1CEEF7ED0066ECA4 /* TestView.xib in Resources */ = {isa = PBXBuildFile; fileRef = 1F07AEA91CEEF7ED0066ECA4 /* TestView.xib */; };
		1F0F6B1E1CF03D2200053169 /* MyTableViewCell.m in Sources */ = {isa = PBXBuildFile; fileRef = 1F0F6B1C1CF03D2200053169 /* MyTableViewCell.m */; };
		1F0F6B1F1CF03D2200053169 /* MyTableViewCell.xib in Resources */ = {isa = PBXBuildFile; fileRef = 1F0F6B1D1CF03D2200053169 /* MyTableViewCell.xib */; };
		1F22BECB1D3A2C2100910962 /* UIView+ExtendTouchRect.m in Sources */ = {isa = PBXBuildFile; fileRef = 1F22BECA1D3A2C2100910962 /* UIView+ExtendTouchRect.m */; };
		1F260F151CE6FAB500F53D5B /* main.m in Sources */ = {isa = PBXBuildFile; fileRef = 1F260F141CE6FAB500F53D5B /* main.m */; };
		1F260F181CE6FAB500F53D5B /* AppDelegate.m in Sources */ = {isa = PBXBuildFile; fileRef = 1F260F171CE6FAB500F53D5B /* AppDelegate.m */; };
		1F260F1B1CE6FAB500F53D5B /* ViewController.m in Sources */ = {isa = PBXBuildFile; fileRef = 1F260F1A1CE6FAB500F53D5B /* ViewController.m */; };
		1F260F1E1CE6FAB500F53D5B /* Main.storyboard in Resources */ = {isa = PBXBuildFile; fileRef = 1F260F1C1CE6FAB500F53D5B /* Main.storyboard */; };
		1F260F201CE6FAB500F53D5B /* Assets.xcassets in Resources */ = {isa = PBXBuildFile; fileRef = 1F260F1F1CE6FAB500F53D5B /* Assets.xcassets */; };
		1F260F231CE6FAB500F53D5B /* LaunchScreen.storyboard in Resources */ = {isa = PBXBuildFile; fileRef = 1F260F211CE6FAB500F53D5B /* LaunchScreen.storyboard */; };
		1F260F2C1CE6FACA00F53D5B /* MyButton.m in Sources */ = {isa = PBXBuildFile; fileRef = 1F260F2B1CE6FACA00F53D5B /* MyButton.m */; };
		1F260F321CE80B1000F53D5B /* ViewController2.m in Sources */ = {isa = PBXBuildFile; fileRef = 1F260F311CE80B1000F53D5B /* ViewController2.m */; };
		1F2A96CB1D40C8E80045311C /* BaseClass.m in Sources */ = {isa = PBXBuildFile; fileRef = 1F2A96CA1D40C8E80045311C /* BaseClass.m */; };
		1F2A96CE1D40C9100045311C /* SubClass.m in Sources */ = {isa = PBXBuildFile; fileRef = 1F2A96CD1D40C9100045311C /* SubClass.m */; };
		1F2A96D11D44E7600045311C /* UINavigationController+Customizer.m in Sources */ = {isa = PBXBuildFile; fileRef = 1F2A96D01D44E7600045311C /* UINavigationController+Customizer.m */; };
		1F2A96D41D44E80B0045311C /* BaseViewController.m in Sources */ = {isa = PBXBuildFile; fileRef = 1F2A96D31D44E80B0045311C /* BaseViewController.m */; };
		1F39EB441D39D8DF002AABB8 /* TestViewController.m in Sources */ = {isa = PBXBuildFile; fileRef = 1F39EB431D39D8DF002AABB8 /* TestViewController.m */; };
		1F39EB471D39DB3A002AABB8 /* SarkViewController.m in Sources */ = {isa = PBXBuildFile; fileRef = 1F39EB461D39DB3A002AABB8 /* SarkViewController.m */; };
		1F39EB491D39DB41002AABB8 /* SarkView.xib in Resources */ = {isa = PBXBuildFile; fileRef = 1F39EB481D39DB41002AABB8 /* SarkView.xib */; };
		1F39EB4D1D39DBCB002AABB8 /* MyViewController.m in Sources */ = {isa = PBXBuildFile; fileRef = 1F39EB4B1D39DBCB002AABB8 /* MyViewController.m */; };
		1F39EB4E1D39DBCB002AABB8 /* MyViewController.xib in Resources */ = {isa = PBXBuildFile; fileRef = 1F39EB4C1D39DBCB002AABB8 /* MyViewController.xib */; };
		E2E8CBEF498769FDCEC2DBE5 /* libPods.a in Frameworks */ = {isa = PBXBuildFile; fileRef = 89BF3EB263D86A571A99653D /* libPods.a */; };
/* End PBXBuildFile section */

/* Begin PBXFileReference section */
		1F07AEA01CEDB0DE0066ECA4 /* Test.h */ = {isa = PBXFileReference; fileEncoding = 4; lastKnownFileType = sourcecode.c.h; path = Test.h; sourceTree = "<group>"; };
		1F07AEA11CEDB0DE0066ECA4 /* Test.m */ = {isa = PBXFileReference; fileEncoding = 4; lastKnownFileType = sourcecode.c.objc; path = Test.m; sourceTree = "<group>"; };
		1F07AEA61CEEF7E10066ECA4 /* TestView.h */ = {isa = PBXFileReference; fileEncoding = 4; lastKnownFileType = sourcecode.c.h; path = TestView.h; sourceTree = "<group>"; };
		1F07AEA71CEEF7E10066ECA4 /* TestView.m */ = {isa = PBXFileReference; fileEncoding = 4; lastKnownFileType = sourcecode.c.objc; path = TestView.m; sourceTree = "<group>"; };
		1F07AEA91CEEF7ED0066ECA4 /* TestView.xib */ = {isa = PBXFileReference; fileEncoding = 4; lastKnownFileType = file.xib; path = TestView.xib; sourceTree = "<group>"; };
		1F0F6B1B1CF03D2200053169 /* MyTableViewCell.h */ = {isa = PBXFileReference; fileEncoding = 4; lastKnownFileType = sourcecode.c.h; path = MyTableViewCell.h; sourceTree = "<group>"; };
		1F0F6B1C1CF03D2200053169 /* MyTableViewCell.m */ = {isa = PBXFileReference; fileEncoding = 4; lastKnownFileType = sourcecode.c.objc; path = MyTableViewCell.m; sourceTree = "<group>"; };
		1F0F6B1D1CF03D2200053169 /* MyTableViewCell.xib */ = {isa = PBXFileReference; fileEncoding = 4; lastKnownFileType = file.xib; path = MyTableViewCell.xib; sourceTree = "<group>"; };
		1F22BEC91D3A2C2100910962 /* UIView+ExtendTouchRect.h */ = {isa = PBXFileReference; fileEncoding = 4; lastKnownFileType = sourcecode.c.h; path = "UIView+ExtendTouchRect.h"; sourceTree = "<group>"; };
		1F22BECA1D3A2C2100910962 /* UIView+ExtendTouchRect.m */ = {isa = PBXFileReference; fileEncoding = 4; lastKnownFileType = sourcecode.c.objc; path = "UIView+ExtendTouchRect.m"; sourceTree = "<group>"; };
		1F260F101CE6FAB500F53D5B /* test.app */ = {isa = PBXFileReference; explicitFileType = wrapper.application; includeInIndex = 0; path = test.app; sourceTree = BUILT_PRODUCTS_DIR; };
		1F260F141CE6FAB500F53D5B /* main.m */ = {isa = PBXFileReference; lastKnownFileType = sourcecode.c.objc; path = main.m; sourceTree = "<group>"; };
		1F260F161CE6FAB500F53D5B /* AppDelegate.h */ = {isa = PBXFileReference; lastKnownFileType = sourcecode.c.h; path = AppDelegate.h; sourceTree = "<group>"; };
		1F260F171CE6FAB500F53D5B /* AppDelegate.m */ = {isa = PBXFileReference; lastKnownFileType = sourcecode.c.objc; path = AppDelegate.m; sourceTree = "<group>"; };
		1F260F191CE6FAB500F53D5B /* ViewController.h */ = {isa = PBXFileReference; lastKnownFileType = sourcecode.c.h; path = ViewController.h; sourceTree = "<group>"; };
		1F260F1A1CE6FAB500F53D5B /* ViewController.m */ = {isa = PBXFileReference; lastKnownFileType = sourcecode.c.objc; path = ViewController.m; sourceTree = "<group>"; };
		1F260F1D1CE6FAB500F53D5B /* Base */ = {isa = PBXFileReference; lastKnownFileType = file.storyboard; name = Base; path = Base.lproj/Main.storyboard; sourceTree = "<group>"; };
		1F260F1F1CE6FAB500F53D5B /* Assets.xcassets */ = {isa = PBXFileReference; lastKnownFileType = folder.assetcatalog; path = Assets.xcassets; sourceTree = "<group>"; };
		1F260F221CE6FAB500F53D5B /* Base */ = {isa = PBXFileReference; lastKnownFileType = file.storyboard; name = Base; path = Base.lproj/LaunchScreen.storyboard; sourceTree = "<group>"; };
		1F260F241CE6FAB500F53D5B /* Info.plist */ = {isa = PBXFileReference; lastKnownFileType = text.plist.xml; path = Info.plist; sourceTree = "<group>"; };
		1F260F2A1CE6FACA00F53D5B /* MyButton.h */ = {isa = PBXFileReference; fileEncoding = 4; lastKnownFileType = sourcecode.c.h; path = MyButton.h; sourceTree = "<group>"; };
		1F260F2B1CE6FACA00F53D5B /* MyButton.m */ = {isa = PBXFileReference; fileEncoding = 4; lastKnownFileType = sourcecode.c.objc; path = MyButton.m; sourceTree = "<group>"; };
		1F260F301CE80B1000F53D5B /* ViewController2.h */ = {isa = PBXFileReference; fileEncoding = 4; lastKnownFileType = sourcecode.c.h; path = ViewController2.h; sourceTree = "<group>"; };
		1F260F311CE80B1000F53D5B /* ViewController2.m */ = {isa = PBXFileReference; fileEncoding = 4; lastKnownFileType = sourcecode.c.objc; path = ViewController2.m; sourceTree = "<group>"; };
		1F2A96C91D40C8E80045311C /* BaseClass.h */ = {isa = PBXFileReference; fileEncoding = 4; lastKnownFileType = sourcecode.c.h; path = BaseClass.h; sourceTree = "<group>"; };
		1F2A96CA1D40C8E80045311C /* BaseClass.m */ = {isa = PBXFileReference; fileEncoding = 4; lastKnownFileType = sourcecode.c.objc; path = BaseClass.m; sourceTree = "<group>"; };
		1F2A96CC1D40C9100045311C /* SubClass.h */ = {isa = PBXFileReference; fileEncoding = 4; lastKnownFileType = sourcecode.c.h; path = SubClass.h; sourceTree = "<group>"; };
		1F2A96CD1D40C9100045311C /* SubClass.m */ = {isa = PBXFileReference; fileEncoding = 4; lastKnownFileType = sourcecode.c.objc; path = SubClass.m; sourceTree = "<group>"; };
		1F2A96CF1D44E7600045311C /* UINavigationController+Customizer.h */ = {isa = PBXFileReference; fileEncoding = 4; lastKnownFileType = sourcecode.c.h; path = "UINavigationController+Customizer.h"; sourceTree = "<group>"; };
		1F2A96D01D44E7600045311C /* UINavigationController+Customizer.m */ = {isa = PBXFileReference; fileEncoding = 4; lastKnownFileType = sourcecode.c.objc; path = "UINavigationController+Customizer.m"; sourceTree = "<group>"; };
		1F2A96D21D44E80B0045311C /* BaseViewController.h */ = {isa = PBXFileReference; fileEncoding = 4; lastKnownFileType = sourcecode.c.h; path = BaseViewController.h; sourceTree = "<group>"; };
		1F2A96D31D44E80B0045311C /* BaseViewController.m */ = {isa = PBXFileReference; fileEncoding = 4; lastKnownFileType = sourcecode.c.objc; path = BaseViewController.m; sourceTree = "<group>"; };
		1F39EB421D39D8DF002AABB8 /* TestViewController.h */ = {isa = PBXFileReference; fileEncoding = 4; lastKnownFileType = sourcecode.c.h; path = TestViewController.h; sourceTree = "<group>"; };
		1F39EB431D39D8DF002AABB8 /* TestViewController.m */ = {isa = PBXFileReference; fileEncoding = 4; lastKnownFileType = sourcecode.c.objc; path = TestViewController.m; sourceTree = "<group>"; };
		1F39EB451D39DB3A002AABB8 /* SarkViewController.h */ = {isa = PBXFileReference; fileEncoding = 4; lastKnownFileType = sourcecode.c.h; path = SarkViewController.h; sourceTree = "<group>"; };
		1F39EB461D39DB3A002AABB8 /* SarkViewController.m */ = {isa = PBXFileReference; fileEncoding = 4; lastKnownFileType = sourcecode.c.objc; path = SarkViewController.m; sourceTree = "<group>"; };
		1F39EB481D39DB41002AABB8 /* SarkView.xib */ = {isa = PBXFileReference; fileEncoding = 4; lastKnownFileType = file.xib; path = SarkView.xib; sourceTree = "<group>"; };
		1F39EB4A1D39DBCB002AABB8 /* MyViewController.h */ = {isa = PBXFileReference; fileEncoding = 4; lastKnownFileType = sourcecode.c.h; path = MyViewController.h; sourceTree = "<group>"; };
		1F39EB4B1D39DBCB002AABB8 /* MyViewController.m */ = {isa = PBXFileReference; fileEncoding = 4; lastKnownFileType = sourcecode.c.objc; path = MyViewController.m; sourceTree = "<group>"; };
		1F39EB4C1D39DBCB002AABB8 /* MyViewController.xib */ = {isa = PBXFileReference; fileEncoding = 4; lastKnownFileType = file.xib; path = MyViewController.xib; sourceTree = "<group>"; };
		89BF3EB263D86A571A99653D /* libPods.a */ = {isa = PBXFileReference; explicitFileType = archive.ar; includeInIndex = 0; path = libPods.a; sourceTree = BUILT_PRODUCTS_DIR; };
		C046334BAF8806826EB4800A /* Pods.release.xcconfig */ = {isa = PBXFileReference; includeInIndex = 1; lastKnownFileType = text.xcconfig; name = Pods.release.xcconfig; path = "Pods/Target Support Files/Pods/Pods.release.xcconfig"; sourceTree = "<group>"; };
		D8FCD6919C1436809B1D108F /* Pods.debug.xcconfig */ = {isa = PBXFileReference; includeInIndex = 1; lastKnownFileType = text.xcconfig; name = Pods.debug.xcconfig; path = "Pods/Target Support Files/Pods/Pods.debug.xcconfig"; sourceTree = "<group>"; };
/* End PBXFileReference section */

/* Begin PBXFrameworksBuildPhase section */
		1F260F0D1CE6FAB500F53D5B /* Frameworks */ = {
			isa = PBXFrameworksBuildPhase;
			buildActionMask = 2147483647;
			files = (
				E2E8CBEF498769FDCEC2DBE5 /* libPods.a in Frameworks */,
			);
			runOnlyForDeploymentPostprocessing = 0;
		};
/* End PBXFrameworksBuildPhase section */

/* Begin PBXGroup section */
		1F260F071CE6FAB500F53D5B = {
			isa = PBXGroup;
			children = (
				1F260F121CE6FAB500F53D5B /* test */,
				1F260F111CE6FAB500F53D5B /* Products */,
				DE0D4B2B8E6DCBCC113AEE0F /* Pods */,
				E8A7AC6BA424109851687AFE /* Frameworks */,
			);
			sourceTree = "<group>";
		};
		1F260F111CE6FAB500F53D5B /* Products */ = {
			isa = PBXGroup;
			children = (
				1F260F101CE6FAB500F53D5B /* test.app */,
			);
			name = Products;
			sourceTree = "<group>";
		};
		1F260F121CE6FAB500F53D5B /* test */ = {
			isa = PBXGroup;
			children = (
				1F260F161CE6FAB500F53D5B /* AppDelegate.h */,
				1F260F171CE6FAB500F53D5B /* AppDelegate.m */,
				1F22BEC91D3A2C2100910962 /* UIView+ExtendTouchRect.h */,
				1F22BECA1D3A2C2100910962 /* UIView+ExtendTouchRect.m */,
				1F260F2A1CE6FACA00F53D5B /* MyButton.h */,
				1F260F2B1CE6FACA00F53D5B /* MyButton.m */,
				1F2A96CF1D44E7600045311C /* UINavigationController+Customizer.h */,
				1F2A96D01D44E7600045311C /* UINavigationController+Customizer.m */,
				1F2A96D21D44E80B0045311C /* BaseViewController.h */,
				1F2A96D31D44E80B0045311C /* BaseViewController.m */,
				1F260F191CE6FAB500F53D5B /* ViewController.h */,
				1F260F1A1CE6FAB500F53D5B /* ViewController.m */,
				1F2A96C91D40C8E80045311C /* BaseClass.h */,
				1F2A96CA1D40C8E80045311C /* BaseClass.m */,
				1F2A96CC1D40C9100045311C /* SubClass.h */,
				1F2A96CD1D40C9100045311C /* SubClass.m */,
				1F39EB421D39D8DF002AABB8 /* TestViewController.h */,
				1F39EB431D39D8DF002AABB8 /* TestViewController.m */,
				1F39EB451D39DB3A002AABB8 /* SarkViewController.h */,
				1F39EB461D39DB3A002AABB8 /* SarkViewController.m */,
				1F39EB481D39DB41002AABB8 /* SarkView.xib */,
				1F39EB4A1D39DBCB002AABB8 /* MyViewController.h */,
				1F39EB4B1D39DBCB002AABB8 /* MyViewController.m */,
				1F39EB4C1D39DBCB002AABB8 /* MyViewController.xib */,
				1F07AEA01CEDB0DE0066ECA4 /* Test.h */,
				1F07AEA11CEDB0DE0066ECA4 /* Test.m */,
				1F260F301CE80B1000F53D5B /* ViewController2.h */,
				1F260F311CE80B1000F53D5B /* ViewController2.m */,
				1F0F6B1B1CF03D2200053169 /* MyTableViewCell.h */,
				1F0F6B1C1CF03D2200053169 /* MyTableViewCell.m */,
				1F0F6B1D1CF03D2200053169 /* MyTableViewCell.xib */,
				1F07AEA61CEEF7E10066ECA4 /* TestView.h */,
				1F07AEA71CEEF7E10066ECA4 /* TestView.m */,
				1F07AEA91CEEF7ED0066ECA4 /* TestView.xib */,
				1F260F1C1CE6FAB500F53D5B /* Main.storyboard */,
				1F260F1F1CE6FAB500F53D5B /* Assets.xcassets */,
				1F260F211CE6FAB500F53D5B /* LaunchScreen.storyboard */,
				1F260F241CE6FAB500F53D5B /* Info.plist */,
				1F260F131CE6FAB500F53D5B /* Supporting Files */,
			);
			path = test;
			sourceTree = "<group>";
		};
		1F260F131CE6FAB500F53D5B /* Supporting Files */ = {
			isa = PBXGroup;
			children = (
				1F260F141CE6FAB500F53D5B /* main.m */,
			);
			name = "Supporting Files";
			sourceTree = "<group>";
		};
		DE0D4B2B8E6DCBCC113AEE0F /* Pods */ = {
			isa = PBXGroup;
			children = (
				D8FCD6919C1436809B1D108F /* Pods.debug.xcconfig */,
				C046334BAF8806826EB4800A /* Pods.release.xcconfig */,
			);
			name = Pods;
			sourceTree = "<group>";
		};
		E8A7AC6BA424109851687AFE /* Frameworks */ = {
			isa = PBXGroup;
			children = (
				89BF3EB263D86A571A99653D /* libPods.a */,
			);
			name = Frameworks;
			sourceTree = "<group>";
		};
/* End PBXGroup section */

/* Begin PBXNativeTarget section */
		1F260F0F1CE6FAB500F53D5B /* test */ = {
			isa = PBXNativeTarget;
			buildConfigurationList = 1F260F271CE6FAB500F53D5B /* Build configuration list for PBXNativeTarget "test" */;
			buildPhases = (
				B2CFD51301208FC32AD17A4F /* Check Pods Manifest.lock */,
				1F260F0C1CE6FAB500F53D5B /* Sources */,
				1F260F0D1CE6FAB500F53D5B /* Frameworks */,
				1F260F0E1CE6FAB500F53D5B /* Resources */,
				9707D821D62BCA8BD4F13662 /* Embed Pods Frameworks */,
				B7ACD8A28CE1F3717953B056 /* Copy Pods Resources */,
			);
			buildRules = (
			);
			dependencies = (
			);
			name = test;
			productName = test;
			productReference = 1F260F101CE6FAB500F53D5B /* test.app */;
			productType = "com.apple.product-type.application";
		};
/* End PBXNativeTarget section */

/* Begin PBXProject section */
		1F260F081CE6FAB500F53D5B /* Project object */ = {
			isa = PBXProject;
			attributes = {
				LastUpgradeCheck = 0730;
				ORGANIZATIONNAME = Jeff;
				TargetAttributes = {
					1F260F0F1CE6FAB500F53D5B = {
						CreatedOnToolsVersion = 7.3.1;
						DevelopmentTeam = 6CD39M4J7Q;
					};
				};
			};
			buildConfigurationList = 1F260F0B1CE6FAB500F53D5B /* Build configuration list for PBXProject "test" */;
			compatibilityVersion = "Xcode 3.2";
			developmentRegion = English;
			hasScannedForEncodings = 0;
			knownRegions = (
				en,
				Base,
			);
			mainGroup = 1F260F071CE6FAB500F53D5B;
			productRefGroup = 1F260F111CE6FAB500F53D5B /* Products */;
			projectDirPath = "";
			projectRoot = "";
			targets = (
				1F260F0F1CE6FAB500F53D5B /* test */,
			);
		};
/* End PBXProject section */

/* Begin PBXResourcesBuildPhase section */
		1F260F0E1CE6FAB500F53D5B /* Resources */ = {
			isa = PBXResourcesBuildPhase;
			buildActionMask = 2147483647;
			files = (
				1F39EB4E1D39DBCB002AABB8 /* MyViewController.xib in Resources */,
				1F0F6B1F1CF03D2200053169 /* MyTableViewCell.xib in Resources */,
				1F07AEAA1CEEF7ED0066ECA4 /* TestView.xib in Resources */,
				1F260F231CE6FAB500F53D5B /* LaunchScreen.storyboard in Resources */,
				1F39EB491D39DB41002AABB8 /* SarkView.xib in Resources */,
				1F260F201CE6FAB500F53D5B /* Assets.xcassets in Resources */,
				1F260F1E1CE6FAB500F53D5B /* Main.storyboard in Resources */,
			);
			runOnlyForDeploymentPostprocessing = 0;
		};
/* End PBXResourcesBuildPhase section */

/* Begin PBXShellScriptBuildPhase section */
		9707D821D62BCA8BD4F13662 /* Embed Pods Frameworks */ = {
			isa = PBXShellScriptBuildPhase;
			buildActionMask = 2147483647;
			files = (
			);
			inputPaths = (
			);
			name = "Embed Pods Frameworks";
			outputPaths = (
			);
			runOnlyForDeploymentPostprocessing = 0;
			shellPath = /bin/sh;
			shellScript = "\"${SRCROOT}/Pods/Target Support Files/Pods/Pods-frameworks.sh\"\n";
			showEnvVarsInLog = 0;
		};
		B2CFD51301208FC32AD17A4F /* Check Pods Manifest.lock */ = {
			isa = PBXShellScriptBuildPhase;
			buildActionMask = 2147483647;
			files = (
			);
			inputPaths = (
			);
			name = "Check Pods Manifest.lock";
			outputPaths = (
			);
			runOnlyForDeploymentPostprocessing = 0;
			shellPath = /bin/sh;
			shellScript = "diff \"${PODS_ROOT}/../Podfile.lock\" \"${PODS_ROOT}/Manifest.lock\" > /dev/null\nif [[ $? != 0 ]] ; then\n    cat << EOM\nerror: The sandbox is not in sync with the Podfile.lock. Run 'pod install' or update your CocoaPods installation.\nEOM\n    exit 1\nfi\n";
			showEnvVarsInLog = 0;
		};
		B7ACD8A28CE1F3717953B056 /* Copy Pods Resources */ = {
			isa = PBXShellScriptBuildPhase;
			buildActionMask = 2147483647;
			files = (
			);
			inputPaths = (
			);
			name = "Copy Pods Resources";
			outputPaths = (
			);
			runOnlyForDeploymentPostprocessing = 0;
			shellPath = /bin/sh;
			shellScript = "\"${SRCROOT}/Pods/Target Support Files/Pods/Pods-resources.sh\"\n";
			showEnvVarsInLog = 0;
		};
/* End PBXShellScriptBuildPhase section */

/* Begin PBXSourcesBuildPhase section */
		1F260F0C1CE6FAB500F53D5B /* Sources */ = {
			isa = PBXSourcesBuildPhase;
			buildActionMask = 2147483647;
			files = (
				1F39EB4D1D39DBCB002AABB8 /* MyViewController.m in Sources */,
				1F07AEA81CEEF7E10066ECA4 /* TestView.m in Sources */,
				1F260F1B1CE6FAB500F53D5B /* ViewController.m in Sources */,
				1F260F181CE6FAB500F53D5B /* AppDelegate.m in Sources */,
				1F2A96D11D44E7600045311C /* UINavigationController+Customizer.m in Sources */,
				1F22BECB1D3A2C2100910962 /* UIView+ExtendTouchRect.m in Sources */,
				1F260F321CE80B1000F53D5B /* ViewController2.m in Sources */,
				1F07AEA21CEDB0DE0066ECA4 /* Test.m in Sources */,
				1F2A96CE1D40C9100045311C /* SubClass.m in Sources */,
				1F2A96D41D44E80B0045311C /* BaseViewController.m in Sources */,
				1F0F6B1E1CF03D2200053169 /* MyTableViewCell.m in Sources */,
				1F39EB441D39D8DF002AABB8 /* TestViewController.m in Sources */,
				1F39EB471D39DB3A002AABB8 /* SarkViewController.m in Sources */,
				1F260F151CE6FAB500F53D5B /* main.m in Sources */,
				1F2A96CB1D40C8E80045311C /* BaseClass.m in Sources */,
				1F260F2C1CE6FACA00F53D5B /* MyButton.m in Sources */,
			);
			runOnlyForDeploymentPostprocessing = 0;
		};
/* End PBXSourcesBuildPhase section */

/* Begin PBXVariantGroup section */
		1F260F1C1CE6FAB500F53D5B /* Main.storyboard */ = {
			isa = PBXVariantGroup;
			children = (
				1F260F1D1CE6FAB500F53D5B /* Base */,
			);
			name = Main.storyboard;
			sourceTree = "<group>";
		};
		1F260F211CE6FAB500F53D5B /* LaunchScreen.storyboard */ = {
			isa = PBXVariantGroup;
			children = (
				1F260F221CE6FAB500F53D5B /* Base */,
			);
			name = LaunchScreen.storyboard;
			sourceTree = "<group>";
		};
/* End PBXVariantGroup section */

/* Begin XCBuildConfiguration section */
		1F260F251CE6FAB500F53D5B /* Debug */ = {
			isa = XCBuildConfiguration;
			buildSettings = {
				ALWAYS_SEARCH_USER_PATHS = NO;
				CLANG_ANALYZER_NONNULL = YES;
				CLANG_CXX_LANGUAGE_STANDARD = "gnu++0x";
				CLANG_CXX_LIBRARY = "libc++";
				CLANG_ENABLE_MODULES = YES;
				CLANG_ENABLE_OBJC_ARC = YES;
				CLANG_WARN_BOOL_CONVERSION = YES;
				CLANG_WARN_CONSTANT_CONVERSION = YES;
				CLANG_WARN_DIRECT_OBJC_ISA_USAGE = YES_ERROR;
				CLANG_WARN_EMPTY_BODY = YES;
				CLANG_WARN_ENUM_CONVERSION = YES;
				CLANG_WARN_INT_CONVERSION = YES;
				CLANG_WARN_OBJC_ROOT_CLASS = YES_ERROR;
				CLANG_WARN_UNREACHABLE_CODE = YES;
				CLANG_WARN__DUPLICATE_METHOD_MATCH = YES;
				"CODE_SIGN_IDENTITY[sdk=iphoneos*]" = "iPhone Developer";
				COPY_PHASE_STRIP = NO;
				DEBUG_INFORMATION_FORMAT = dwarf;
				ENABLE_STRICT_OBJC_MSGSEND = YES;
				ENABLE_TESTABILITY = YES;
				GCC_C_LANGUAGE_STANDARD = gnu99;
				GCC_DYNAMIC_NO_PIC = NO;
				GCC_NO_COMMON_BLOCKS = YES;
				GCC_OPTIMIZATION_LEVEL = 0;
				GCC_PREPROCESSOR_DEFINITIONS = (
					"DEBUG=1",
					"$(inherited)",
				);
				GCC_WARN_64_TO_32_BIT_CONVERSION = YES;
				GCC_WARN_ABOUT_RETURN_TYPE = YES_ERROR;
				GCC_WARN_UNDECLARED_SELECTOR = YES;
				GCC_WARN_UNINITIALIZED_AUTOS = YES_AGGRESSIVE;
				GCC_WARN_UNUSED_FUNCTION = YES;
				GCC_WARN_UNUSED_VARIABLE = YES;
				IPHONEOS_DEPLOYMENT_TARGET = 9.3;
				MTL_ENABLE_DEBUG_INFO = YES;
				ONLY_ACTIVE_ARCH = YES;
				SDKROOT = iphoneos;
				TARGETED_DEVICE_FAMILY = "1,2";
			};
			name = Debug;
		};
		1F260F261CE6FAB500F53D5B /* Release */ = {
			isa = XCBuildConfiguration;
			buildSettings = {
				ALWAYS_SEARCH_USER_PATHS = NO;
				CLANG_ANALYZER_NONNULL = YES;
				CLANG_CXX_LANGUAGE_STANDARD = "gnu++0x";
				CLANG_CXX_LIBRARY = "libc++";
				CLANG_ENABLE_MODULES = YES;
				CLANG_ENABLE_OBJC_ARC = YES;
				CLANG_WARN_BOOL_CONVERSION = YES;
				CLANG_WARN_CONSTANT_CONVERSION = YES;
				CLANG_WARN_DIRECT_OBJC_ISA_USAGE = YES_ERROR;
				CLANG_WARN_EMPTY_BODY = YES;
				CLANG_WARN_ENUM_CONVERSION = YES;
				CLANG_WARN_INT_CONVERSION = YES;
				CLANG_WARN_OBJC_ROOT_CLASS = YES_ERROR;
				CLANG_WARN_UNREACHABLE_CODE = YES;
				CLANG_WARN__DUPLICATE_METHOD_MATCH = YES;
				"CODE_SIGN_IDENTITY[sdk=iphoneos*]" = "iPhone Developer";
				COPY_PHASE_STRIP = NO;
				DEBUG_INFORMATION_FORMAT = "dwarf-with-dsym";
				ENABLE_NS_ASSERTIONS = NO;
				ENABLE_STRICT_OBJC_MSGSEND = YES;
				GCC_C_LANGUAGE_STANDARD = gnu99;
				GCC_NO_COMMON_BLOCKS = YES;
				GCC_WARN_64_TO_32_BIT_CONVERSION = YES;
				GCC_WARN_ABOUT_RETURN_TYPE = YES_ERROR;
				GCC_WARN_UNDECLARED_SELECTOR = YES;
				GCC_WARN_UNINITIALIZED_AUTOS = YES_AGGRESSIVE;
				GCC_WARN_UNUSED_FUNCTION = YES;
				GCC_WARN_UNUSED_VARIABLE = YES;
				IPHONEOS_DEPLOYMENT_TARGET = 9.3;
				MTL_ENABLE_DEBUG_INFO = NO;
				SDKROOT = iphoneos;
				TARGETED_DEVICE_FAMILY = "1,2";
				VALIDATE_PRODUCT = YES;
			};
			name = Release;
		};
		1F260F281CE6FAB500F53D5B /* Debug */ = {
			isa = XCBuildConfiguration;
			baseConfigurationReference = D8FCD6919C1436809B1D108F /* Pods.debug.xcconfig */;
			buildSettings = {
				ASSETCATALOG_COMPILER_APPICON_NAME = AppIcon;
				CODE_SIGN_IDENTITY = "iPhone Developer";
				"CODE_SIGN_IDENTITY[sdk=iphoneos*]" = "iPhone Developer";
				INFOPLIST_FILE = test/Info.plist;
				IPHONEOS_DEPLOYMENT_TARGET = 7.0;
				LD_RUNPATH_SEARCH_PATHS = "$(inherited) @executable_path/Frameworks";
				PRODUCT_BUNDLE_IDENTIFIER = com.jince.test;
				PRODUCT_NAME = "$(TARGET_NAME)";
				PROVISIONING_PROFILE = "";
				TARGETED_DEVICE_FAMILY = "1,2";
			};
			name = Debug;
		};
		1F260F291CE6FAB500F53D5B /* Release */ = {
			isa = XCBuildConfiguration;
			baseConfigurationReference = C046334BAF8806826EB4800A /* Pods.release.xcconfig */;
			buildSettings = {
				ASSETCATALOG_COMPILER_APPICON_NAME = AppIcon;
				CODE_SIGN_IDENTITY = "iPhone Developer";
				"CODE_SIGN_IDENTITY[sdk=iphoneos*]" = "iPhone Developer";
				INFOPLIST_FILE = test/Info.plist;
				IPHONEOS_DEPLOYMENT_TARGET = 7.0;
				LD_RUNPATH_SEARCH_PATHS = "$(inherited) @executable_path/Frameworks";
				PRODUCT_BUNDLE_IDENTIFIER = com.jince.test;
				PRODUCT_NAME = "$(TARGET_NAME)";
				PROVISIONING_PROFILE = "";
				TARGETED_DEVICE_FAMILY = "1,2";
			};
			name = Release;
		};
/* End XCBuildConfiguration section */

/* Begin XCConfigurationList section */
		1F260F0B1CE6FAB500F53D5B /* Build configuration list for PBXProject "test" */ = {
			isa = XCConfigurationList;
			buildConfigurations = (
				1F260F251CE6FAB500F53D5B /* Debug */,
				1F260F261CE6FAB500F53D5B /* Release */,
			);
			defaultConfigurationIsVisible = 0;
			defaultConfigurationName = Release;
		};
		1F260F271CE6FAB500F53D5B /* Build configuration list for PBXNativeTarget "test" */ = {
			isa = XCConfigurationList;
			buildConfigurations = (
				1F260F281CE6FAB500F53D5B /* Debug */,
				1F260F291CE6FAB500F53D5B /* Release */,
			);
			defaultConfigurationIsVisible = 0;
			defaultConfigurationName = Release;
		};
/* End XCConfigurationList section */
	};
	rootObject = 1F260F081CE6FAB500F53D5B /* Project object */;
}
